{
  "name": "maps",
  "lockfileVersion": 2,
  "requires": true,
  "packages": {
    "": {
      "dependencies": {
        "@types/google.maps": "^3.52.6",
        "@types/googlemaps": "^3.43.3",
        "dotenv": "^16.0.3",
        "google-maps": "^4.3.3"
      },
      "devDependencies": {
        "@types/faker": "^5.5.3",
        "faker": "^5.5.3",
        "typescript": "^5.0.4"
      }
    },
    "node_modules/@types/faker": {
      "version": "5.5.9",
      "resolved": "https://registry.npmjs.org/@types/faker/-/faker-5.5.9.tgz",
      "integrity": "sha512-uCx6mP3UY5SIO14XlspxsGjgaemrxpssJI0Ol+GfhxtcKpv9pgRZYsS4eeKeHVLje6Qtc8lGszuBI461+gVZBA==",
      "dev": true
    },
    "node_modules/@types/google.maps": {
      "version": "3.53.1",
      "resolved": "https://registry.npmjs.org/@types/google.maps/-/google.maps-3.53.1.tgz",
      "integrity": "sha512-+7JVpq+kFzTU3TweSz6huYuFedZ4s60WeABaXYU6rDZczdpfoQ5DuZNCDc/eAAcdFJpxMMDpzf3d9YTMNodBFg=="
    },
    "node_modules/@types/googlemaps": {
      "version": "3.43.3",
      "resolved": "https://registry.npmjs.org/@types/googlemaps/-/googlemaps-3.43.3.tgz",
      "integrity": "sha512-ZWNoz/O8MPEpiajvj7QiqCY8tTLFNqNZ/a+s+zTV58wFVNAvvqV4bdGfnsjTb5Cs4V6wEsLrX8XRhmnyYJ2Tdg==",
      "deprecated": "Types for the Google Maps browser API have moved to @types/google.maps. Note: these types are not for the googlemaps npm package, which is a Node API."
    },
    "node_modules/dotenv": {
      "version": "16.0.3",
      "resolved": "https://registry.npmjs.org/dotenv/-/dotenv-16.0.3.tgz",
      "integrity": "sha512-7GO6HghkA5fYG9TYnNxi14/7K9f5occMlp3zXAuSxn7CKCxt9xbNWG7yF8hTCSUchlfWSe3uLmlPfigevRItzQ==",
      "engines": {
        "node": ">=12"
      }
    },
    "node_modules/faker": {
      "version": "5.5.3",
      "resolved": "https://registry.npmjs.org/faker/-/faker-5.5.3.tgz",
      "integrity": "sha512-wLTv2a28wjUyWkbnX7u/ABZBkUkIF2fCd73V6P2oFqEGEktDfzWx4UxrSqtPRw0xPRAcjeAOIiJWqZm3pP4u3g==",
      "dev": true
    },
    "node_modules/google-maps": {
      "version": "4.3.3",
      "resolved": "https://registry.npmjs.org/google-maps/-/google-maps-4.3.3.tgz",
      "integrity": "sha512-MQbEgBNQbGyV7mfS2tlFgW4EoGKLia24BvAl4a+kgsYWt4283kyPpaay/yKIsScQLr7nSUONaLNfOdMsCuJDEw==",
      "dependencies": {
        "@types/googlemaps": "^3.39.1"
      }
    },
    "node_modules/typescript": {
      "version": "5.0.4",
      "resolved": "https://registry.npmjs.org/typescript/-/typescript-5.0.4.tgz",
      "integrity": "sha512-cW9T5W9xY37cc+jfEnaUvX91foxtHkza3Nw3wkoF4sSlKn0MONdkdEndig/qPBWXNkmplh3NzayQzCiHM4/hqw==",
      "dev": true,
      "bin": {
        "tsc": "bin/tsc",
        "tsserver": "bin/tsserver"
      },
      "engines": {
        "node": ">=12.20"
      }
    }
  },
  "dependencies": {
    "@types/faker": {
      "version": "5.5.9",
      "resolved": "https://registry.npmjs.org/@types/faker/-/faker-5.5.9.tgz",
      "integrity": "sha512-uCx6mP3UY5SIO14XlspxsGjgaemrxpssJI0Ol+GfhxtcKpv9pgRZYsS4eeKeHVLje6Qtc8lGszuBI461+gVZBA==",
      "dev": true
    },
    "@types/google.maps": {
      "version": "3.53.1",
      "resolved": "https://registry.npmjs.org/@types/google.maps/-/google.maps-3.53.1.tgz",
      "integrity": "sha512-+7JVpq+kFzTU3TweSz6huYuFedZ4s60WeABaXYU6rDZczdpfoQ5DuZNCDc/eAAcdFJpxMMDpzf3d9YTMNodBFg=="
    },
    "@types/googlemaps": {
      "version": "3.43.3",
      "resolved": "https://registry.npmjs.org/@types/googlemaps/-/googlemaps-3.43.3.tgz",
      "integrity": "sha512-ZWNoz/O8MPEpiajvj7QiqCY8tTLFNqNZ/a+s+zTV58wFVNAvvqV4bdGfnsjTb5Cs4V6wEsLrX8XRhmnyYJ2Tdg=="
    },
    "dotenv": {
      "version": "16.0.3",
      "resolved": "https://registry.npmjs.org/dotenv/-/dotenv-16.0.3.tgz",
      "integrity": "sha512-7GO6HghkA5fYG9TYnNxi14/7K9f5occMlp3zXAuSxn7CKCxt9xbNWG7yF8hTCSUchlfWSe3uLmlPfigevRItzQ=="
    },
    "faker": {
      "version": "5.5.3",
      "resolved": "https://registry.npmjs.org/faker/-/faker-5.5.3.tgz",
      "integrity": "sha512-wLTv2a28wjUyWkbnX7u/ABZBkUkIF2fCd73V6P2oFqEGEktDfzWx4UxrSqtPRw0xPRAcjeAOIiJWqZm3pP4u3g==",
      "dev": true
    },
    "google-maps": {
      "version": "4.3.3",
      "resolved": "https://registry.npmjs.org/google-maps/-/google-maps-4.3.3.tgz",
      "integrity": "sha512-MQbEgBNQbGyV7mfS2tlFgW4EoGKLia24BvAl4a+kgsYWt4283kyPpaay/yKIsScQLr7nSUONaLNfOdMsCuJDEw==",
      "requires": {
        "@types/googlemaps": "^3.39.1"
      }
    },
    "typescript": {
      "version": "5.0.4",
      "resolved": "https://registry.npmjs.org/typescript/-/typescript-5.0.4.tgz",
      "integrity": "sha512-cW9T5W9xY37cc+jfEnaUvX91foxtHkza3Nw3wkoF4sSlKn0MONdkdEndig/qPBWXNkmplh3NzayQzCiHM4/hqw==",
      "dev": true
    }
  }
}
